
Microsoft Visual Studio Solution File, Format Version 12.00
# Visual Studio Version 17
VisualStudioVersion = 17.11.35222.181
MinimumVisualStudioVersion = 10.0.40219.1
Project("{C7167F0D-BC9F-4E6E-AFE1-012C56B48DB5}") = "OrderProcessing (Package)", "OrderProcessing\OrderProcessing (Package)\OrderProcessing (Package).wapproj", "{6FB977B6-604B-4415-AE2D-9D8C69CECC6D}"
EndProject
Project("{FAE04EC0-301F-11D3-BF4B-00C04F79EFBC}") = "OrderProcessing", "OrderProcessing\OrderProcessing\OrderProcessing.csproj", "{127878AE-7BED-4C6F-96C3-5063AF8B08DF}"
EndProject
Global
	GlobalSection(SolutionConfigurationPlatforms) = preSolution
		Debug|x64 = Debug|x64
		Release|x64 = Release|x64
	EndGlobalSection
	GlobalSection(ProjectConfigurationPlatforms) = postSolution
		{6FB977B6-604B-4415-AE2D-9D8C69CECC6D}.Debug|x64.ActiveCfg = Debug|x64
		{6FB977B6-604B-4415-AE2D-9D8C69CECC6D}.Release|x64.ActiveCfg = Release|x64
		{6FB977B6-604B-4415-AE2D-9D8C69CECC6D}.Release|x64.Build.0 = Release|x64
		{6FB977B6-604B-4415-AE2D-9D8C69CECC6D}.Release|x64.Deploy.0 = Release|x64
		{127878AE-7BED-4C6F-96C3-5063AF8B08DF}.Debug|x64.ActiveCfg = Debug|x64
		{127878AE-7BED-4C6F-96C3-5063AF8B08DF}.Debug|x64.Build.0 = Debug|x64
		{127878AE-7BED-4C6F-96C3-5063AF8B08DF}.Release|x64.ActiveCfg = Release|x64
		{127878AE-7BED-4C6F-96C3-5063AF8B08DF}.Release|x64.Build.0 = Release|x64
	EndGlobalSection
	GlobalSection(SolutionProperties) = preSolution
		HideSolutionNode = FALSE
	EndGlobalSection
	GlobalSection(ExtensibilityGlobals) = postSolution
		SolutionGuid = {428842C9-50CA-4B24-8086-F2377783B57A}
	EndGlobalSection
EndGlobal
